
Microsoft Visual Studio Solution File, Format Version 12.00
# Visual Studio 15
VisualStudioVersion = 15.0.28307.1525
MinimumVisualStudioVersion = 10.0.40219.1
Project("{FAE04EC0-301F-11D3-BF4B-00C04F79EFBC}") = "InventoryManagementSystem", "InventoryManagementSystem\InventoryManagementSystem.csproj", "{E6096329-49E0-434F-B45D-B316FE4DB15B}"
EndProject
Global
	GlobalSection(SolutionConfigurationPlatforms) = preSolution
		Debug|Any CPU = Debug|Any CPU
		Release|Any CPU = Release|Any CPU
	EndGlobalSection
	GlobalSection(ProjectConfigurationPlatforms) = postSolution
		{E6096329-49E0-434F-B45D-B316FE4DB15B}.Debug|Any CPU.ActiveCfg = Debug|Any CPU
		{E6096329-49E0-434F-B45D-B316FE4DB15B}.Debug|Any CPU.Build.0 = Debug|Any CPU
		{E6096329-49E0-434F-B45D-B316FE4DB15B}.Release|Any CPU.ActiveCfg = Release|Any CPU
		{E6096329-49E0-434F-B45D-B316FE4DB15B}.Release|Any CPU.Build.0 = Release|Any CPU
	EndGlobalSection
	GlobalSection(SolutionProperties) = preSolution
		HideSolutionNode = FALSE
	EndGlobalSection
	GlobalSection(ExtensibilityGlobals) = postSolution
		SolutionGuid = {77C29033-5DBC-4564-AB89-AEBC1A95088A}
	EndGlobalSection
EndGlobal
